
Microsoft Visual Studio Solution File, Format Version 12.00
# Visual Studio Version 16
VisualStudioVersion = 16.0.31911.196
MinimumVisualStudioVersion = 10.0.40219.1
Project("{FAE04EC0-301F-11D3-BF4B-00C04F79EFBC}") = "ToDoListLab", "ToDoListLab\ToDoListLab.csproj", "{2175DDED-FB33-4C98-9CE7-A4389A387D2A}"
EndProject
Global
	GlobalSection(SolutionConfigurationPlatforms) = preSolution
		Debug|Any CPU = Debug|Any CPU
		Release|Any CPU = Release|Any CPU
	EndGlobalSection
	GlobalSection(ProjectConfigurationPlatforms) = postSolution
		{2175DDED-FB33-4C98-9CE7-A4389A387D2A}.Debug|Any CPU.ActiveCfg = Debug|Any CPU
		{2175DDED-FB33-4C98-9CE7-A4389A387D2A}.Debug|Any CPU.Build.0 = Debug|Any CPU
		{2175DDED-FB33-4C98-9CE7-A4389A387D2A}.Release|Any CPU.ActiveCfg = Release|Any CPU
		{2175DDED-FB33-4C98-9CE7-A4389A387D2A}.Release|Any CPU.Build.0 = Release|Any CPU
	EndGlobalSection
	GlobalSection(SolutionProperties) = preSolution
		HideSolutionNode = FALSE
	EndGlobalSection
	GlobalSection(ExtensibilityGlobals) = postSolution
		SolutionGuid = {E63588C3-F507-4E1E-A3DE-09A859589D76}
	EndGlobalSection
EndGlobal
